
Microsoft Visual Studio Solution File, Format Version 12.00
# Visual Studio Version 17
VisualStudioVersion = 17.5.002.0
MinimumVisualStudioVersion = 10.0.40219.1
Project("{2150E333-8FDC-42A3-9474-1A3956D46DE8}") = "sandbox", "sandbox", "{2EB026EB-E21C-4CC6-B791-0CAA753EF265}"
EndProject
Project("{9A19103F-16F7-4668-BE54-9A1E7A4F7556}") = "sandbox_project", "sandbox\sandbox_project\sandbox_project.csproj", "{08B9E9EA-6CE2-49B0-ABF9-6635FF69D4D7}"
EndProject
Project("{2150E333-8FDC-42A3-9474-1A3956D46DE8}") = "week01", "week01", "{F5BE97D8-8BB9-439D-96AE-964902EBB6B4}"
EndProject
Project("{9A19103F-16F7-4668-BE54-9A1E7A4F7556}") = "analyze", "week01\analyze\analyze.csproj", "{FEE6593C-2B6B-4AC9-B788-978157494B5F}"
EndProject
Project("{9A19103F-16F7-4668-BE54-9A1E7A4F7556}") = "code", "week01\code\code.csproj", "{5D0717DF-4280-4EC7-B2E3-90C4AD1C94A2}"
EndProject
Project("{9A19103F-16F7-4668-BE54-9A1E7A4F7556}") = "teach", "week01\teach\teach.csproj", "{5889A7D1-344C-48FC-ACDE-51DD4B6928DC}"
EndProject
Project("{2150E333-8FDC-42A3-9474-1A3956D46DE8}") = "week02", "week02", "{3E6A3A91-B8C7-463E-B99F-58C3829733A2}"
EndProject
Project("{9A19103F-16F7-4668-BE54-9A1E7A4F7556}") = "analyze", "week02\analyze\analyze.csproj", "{C3454DBF-58F1-41D9-9465-AA036E72D45F}"
EndProject
Project("{9A19103F-16F7-4668-BE54-9A1E7A4F7556}") = "code", "week02\code\code.csproj", "{3217ECDD-8AAD-49FF-BFC8-302181B7253F}"
EndProject
Project("{9A19103F-16F7-4668-BE54-9A1E7A4F7556}") = "learn", "week02\learn\learn.csproj", "{533EC0B3-1A1C-4790-99F6-B5C69D221450}"
EndProject
Project("{9A19103F-16F7-4668-BE54-9A1E7A4F7556}") = "teach", "week02\teach\teach.csproj", "{09C675E4-3128-4150-B93A-EE20F89223AC}"
EndProject
Project("{2150E333-8FDC-42A3-9474-1A3956D46DE8}") = "week03", "week03", "{5187FC1F-2E4A-4073-BE0E-6D294337036A}"
EndProject
Project("{9A19103F-16F7-4668-BE54-9A1E7A4F7556}") = "code", "week03\code\code.csproj", "{D3DE8486-8F1E-4524-824C-56A501AB17D7}"
EndProject
Project("{9A19103F-16F7-4668-BE54-9A1E7A4F7556}") = "learn", "week03\learn\learn.csproj", "{48B3C26E-AC18-4CF6-B2BC-8107B3343F13}"
EndProject
Project("{9A19103F-16F7-4668-BE54-9A1E7A4F7556}") = "teach", "week03\teach\teach.csproj", "{7EB6653F-FD53-49AD-99AC-1CA61CB4A7DE}"
EndProject
Project("{2150E333-8FDC-42A3-9474-1A3956D46DE8}") = "week04", "week04", "{9745F77C-81EA-427A-8B69-4617B402ABFA}"
EndProject
Project("{9A19103F-16F7-4668-BE54-9A1E7A4F7556}") = "code", "week04\code\code.csproj", "{4FB53748-67DA-4812-A934-462820803A0B}"
EndProject
Project("{2150E333-8FDC-42A3-9474-1A3956D46DE8}") = "week05", "week05", "{E7E13AC3-4DD5-4437-BA3A-ACCF3AF66C96}"
EndProject
Project("{9A19103F-16F7-4668-BE54-9A1E7A4F7556}") = "code", "week05\code\code.csproj", "{645C3B2C-BA36-455E-A8A5-EFF5C6D1C671}"
EndProject
Project("{2150E333-8FDC-42A3-9474-1A3956D46DE8}") = "week06", "week06", "{4BD83633-931F-4124-9E02-A0C9F1715501}"
EndProject
Project("{9A19103F-16F7-4668-BE54-9A1E7A4F7556}") = "code", "week06\code\code.csproj", "{3F0E0339-3BF3-47D5-BC21-D700E20CFF74}"
EndProject
Global
	GlobalSection(SolutionConfigurationPlatforms) = preSolution
		Debug|Any CPU = Debug|Any CPU
		Release|Any CPU = Release|Any CPU
	EndGlobalSection
	GlobalSection(ProjectConfigurationPlatforms) = postSolution
		{08B9E9EA-6CE2-49B0-ABF9-6635FF69D4D7}.Debug|Any CPU.ActiveCfg = Debug|Any CPU
		{08B9E9EA-6CE2-49B0-ABF9-6635FF69D4D7}.Debug|Any CPU.Build.0 = Debug|Any CPU
		{08B9E9EA-6CE2-49B0-ABF9-6635FF69D4D7}.Release|Any CPU.ActiveCfg = Release|Any CPU
		{08B9E9EA-6CE2-49B0-ABF9-6635FF69D4D7}.Release|Any CPU.Build.0 = Release|Any CPU
		{FEE6593C-2B6B-4AC9-B788-978157494B5F}.Debug|Any CPU.ActiveCfg = Debug|Any CPU
		{FEE6593C-2B6B-4AC9-B788-978157494B5F}.Debug|Any CPU.Build.0 = Debug|Any CPU
		{FEE6593C-2B6B-4AC9-B788-978157494B5F}.Release|Any CPU.ActiveCfg = Release|Any CPU
		{FEE6593C-2B6B-4AC9-B788-978157494B5F}.Release|Any CPU.Build.0 = Release|Any CPU
		{5D0717DF-4280-4EC7-B2E3-90C4AD1C94A2}.Debug|Any CPU.ActiveCfg = Debug|Any CPU
		{5D0717DF-4280-4EC7-B2E3-90C4AD1C94A2}.Debug|Any CPU.Build.0 = Debug|Any CPU
		{5D0717DF-4280-4EC7-B2E3-90C4AD1C94A2}.Release|Any CPU.ActiveCfg = Release|Any CPU
		{5D0717DF-4280-4EC7-B2E3-90C4AD1C94A2}.Release|Any CPU.Build.0 = Release|Any CPU
		{5889A7D1-344C-48FC-ACDE-51DD4B6928DC}.Debug|Any CPU.ActiveCfg = Debug|Any CPU
		{5889A7D1-344C-48FC-ACDE-51DD4B6928DC}.Debug|Any CPU.Build.0 = Debug|Any CPU
		{5889A7D1-344C-48FC-ACDE-51DD4B6928DC}.Release|Any CPU.ActiveCfg = Release|Any CPU
		{5889A7D1-344C-48FC-ACDE-51DD4B6928DC}.Release|Any CPU.Build.0 = Release|Any CPU
		{C3454DBF-58F1-41D9-9465-AA036E72D45F}.Debug|Any CPU.ActiveCfg = Debug|Any CPU
		{C3454DBF-58F1-41D9-9465-AA036E72D45F}.Debug|Any CPU.Build.0 = Debug|Any CPU
		{C3454DBF-58F1-41D9-9465-AA036E72D45F}.Release|Any CPU.ActiveCfg = Release|Any CPU
		{C3454DBF-58F1-41D9-9465-AA036E72D45F}.Release|Any CPU.Build.0 = Release|Any CPU
		{3217ECDD-8AAD-49FF-BFC8-302181B7253F}.Debug|Any CPU.ActiveCfg = Debug|Any CPU
		{3217ECDD-8AAD-49FF-BFC8-302181B7253F}.Debug|Any CPU.Build.0 = Debug|Any CPU
		{3217ECDD-8AAD-49FF-BFC8-302181B7253F}.Release|Any CPU.ActiveCfg = Release|Any CPU
		{3217ECDD-8AAD-49FF-BFC8-302181B7253F}.Release|Any CPU.Build.0 = Release|Any CPU
		{533EC0B3-1A1C-4790-99F6-B5C69D221450}.Debug|Any CPU.ActiveCfg = Debug|Any CPU
		{533EC0B3-1A1C-4790-99F6-B5C69D221450}.Debug|Any CPU.Build.0 = Debug|Any CPU
		{533EC0B3-1A1C-4790-99F6-B5C69D221450}.Release|Any CPU.ActiveCfg = Release|Any CPU
		{533EC0B3-1A1C-4790-99F6-B5C69D221450}.Release|Any CPU.Build.0 = Release|Any CPU
		{09C675E4-3128-4150-B93A-EE20F89223AC}.Debug|Any CPU.ActiveCfg = Debug|Any CPU
		{09C675E4-3128-4150-B93A-EE20F89223AC}.Debug|Any CPU.Build.0 = Debug|Any CPU
		{09C675E4-3128-4150-B93A-EE20F89223AC}.Release|Any CPU.ActiveCfg = Release|Any CPU
		{09C675E4-3128-4150-B93A-EE20F89223AC}.Release|Any CPU.Build.0 = Release|Any CPU
		{D3DE8486-8F1E-4524-824C-56A501AB17D7}.Debug|Any CPU.ActiveCfg = Debug|Any CPU
		{D3DE8486-8F1E-4524-824C-56A501AB17D7}.Debug|Any CPU.Build.0 = Debug|Any CPU
		{D3DE8486-8F1E-4524-824C-56A501AB17D7}.Release|Any CPU.ActiveCfg = Release|Any CPU
		{D3DE8486-8F1E-4524-824C-56A501AB17D7}.Release|Any CPU.Build.0 = Release|Any CPU
		{48B3C26E-AC18-4CF6-B2BC-8107B3343F13}.Debug|Any CPU.ActiveCfg = Debug|Any CPU
		{48B3C26E-AC18-4CF6-B2BC-8107B3343F13}.Debug|Any CPU.Build.0 = Debug|Any CPU
		{48B3C26E-AC18-4CF6-B2BC-8107B3343F13}.Release|Any CPU.ActiveCfg = Release|Any CPU
		{48B3C26E-AC18-4CF6-B2BC-8107B3343F13}.Release|Any CPU.Build.0 = Release|Any CPU
		{7EB6653F-FD53-49AD-99AC-1CA61CB4A7DE}.Debug|Any CPU.ActiveCfg = Debug|Any CPU
		{7EB6653F-FD53-49AD-99AC-1CA61CB4A7DE}.Debug|Any CPU.Build.0 = Debug|Any CPU
		{7EB6653F-FD53-49AD-99AC-1CA61CB4A7DE}.Release|Any CPU.ActiveCfg = Release|Any CPU
		{7EB6653F-FD53-49AD-99AC-1CA61CB4A7DE}.Release|Any CPU.Build.0 = Release|Any CPU
		{4FB53748-67DA-4812-A934-462820803A0B}.Debug|Any CPU.ActiveCfg = Debug|Any CPU
		{4FB53748-67DA-4812-A934-462820803A0B}.Debug|Any CPU.Build.0 = Debug|Any CPU
		{4FB53748-67DA-4812-A934-462820803A0B}.Release|Any CPU.ActiveCfg = Release|Any CPU
		{4FB53748-67DA-4812-A934-462820803A0B}.Release|Any CPU.Build.0 = Release|Any CPU
		{645C3B2C-BA36-455E-A8A5-EFF5C6D1C671}.Debug|Any CPU.ActiveCfg = Debug|Any CPU
		{645C3B2C-BA36-455E-A8A5-EFF5C6D1C671}.Debug|Any CPU.Build.0 = Debug|Any CPU
		{645C3B2C-BA36-455E-A8A5-EFF5C6D1C671}.Release|Any CPU.ActiveCfg = Release|Any CPU
		{645C3B2C-BA36-455E-A8A5-EFF5C6D1C671}.Release|Any CPU.Build.0 = Release|Any CPU
		{3F0E0339-3BF3-47D5-BC21-D700E20CFF74}.Debug|Any CPU.ActiveCfg = Debug|Any CPU
		{3F0E0339-3BF3-47D5-BC21-D700E20CFF74}.Debug|Any CPU.Build.0 = Debug|Any CPU
		{3F0E0339-3BF3-47D5-BC21-D700E20CFF74}.Release|Any CPU.ActiveCfg = Release|Any CPU
		{3F0E0339-3BF3-47D5-BC21-D700E20CFF74}.Release|Any CPU.Build.0 = Release|Any CPU
	EndGlobalSection
	GlobalSection(SolutionProperties) = preSolution
		HideSolutionNode = FALSE
	EndGlobalSection
	GlobalSection(NestedProjects) = preSolution
		{08B9E9EA-6CE2-49B0-ABF9-6635FF69D4D7} = {2EB026EB-E21C-4CC6-B791-0CAA753EF265}
		{FEE6593C-2B6B-4AC9-B788-978157494B5F} = {F5BE97D8-8BB9-439D-96AE-964902EBB6B4}
		{5D0717DF-4280-4EC7-B2E3-90C4AD1C94A2} = {F5BE97D8-8BB9-439D-96AE-964902EBB6B4}
		{5889A7D1-344C-48FC-ACDE-51DD4B6928DC} = {F5BE97D8-8BB9-439D-96AE-964902EBB6B4}
		{C3454DBF-58F1-41D9-9465-AA036E72D45F} = {3E6A3A91-B8C7-463E-B99F-58C3829733A2}
		{3217ECDD-8AAD-49FF-BFC8-302181B7253F} = {3E6A3A91-B8C7-463E-B99F-58C3829733A2}
		{533EC0B3-1A1C-4790-99F6-B5C69D221450} = {3E6A3A91-B8C7-463E-B99F-58C3829733A2}
		{09C675E4-3128-4150-B93A-EE20F89223AC} = {3E6A3A91-B8C7-463E-B99F-58C3829733A2}
		{D3DE8486-8F1E-4524-824C-56A501AB17D7} = {5187FC1F-2E4A-4073-BE0E-6D294337036A}
		{48B3C26E-AC18-4CF6-B2BC-8107B3343F13} = {5187FC1F-2E4A-4073-BE0E-6D294337036A}
		{7EB6653F-FD53-49AD-99AC-1CA61CB4A7DE} = {5187FC1F-2E4A-4073-BE0E-6D294337036A}
		{4FB53748-67DA-4812-A934-462820803A0B} = {9745F77C-81EA-427A-8B69-4617B402ABFA}
		{645C3B2C-BA36-455E-A8A5-EFF5C6D1C671} = {E7E13AC3-4DD5-4437-BA3A-ACCF3AF66C96}
		{3F0E0339-3BF3-47D5-BC21-D700E20CFF74} = {4BD83633-931F-4124-9E02-A0C9F1715501}
	EndGlobalSection
	GlobalSection(ExtensibilityGlobals) = postSolution
		SolutionGuid = {E0243FAF-03AB-4BF9-8994-56328AE0DBC9}
	EndGlobalSection
EndGlobal
